
Microsoft Visual Studio Solution File, Format Version 12.00
# Visual Studio Version 17
VisualStudioVersion = 17.9.34728.123
MinimumVisualStudioVersion = 10.0.40219.1
Project("{FAE04EC0-301F-11D3-BF4B-00C04F79EFBC}") = "PasswordAuthAppDemoo1", "PasswordAuthAppDemoo1.csproj", "{B355BAC0-751D-44FC-B30B-E8863DE7C071}"
EndProject
Global
	GlobalSection(SolutionConfigurationPlatforms) = preSolution
		Debug|Any CPU = Debug|Any CPU
		Release|Any CPU = Release|Any CPU
	EndGlobalSection
	GlobalSection(ProjectConfigurationPlatforms) = postSolution
		{B355BAC0-751D-44FC-B30B-E8863DE7C071}.Debug|Any CPU.ActiveCfg = Debug|Any CPU
		{B355BAC0-751D-44FC-B30B-E8863DE7C071}.Debug|Any CPU.Build.0 = Debug|Any CPU
		{B355BAC0-751D-44FC-B30B-E8863DE7C071}.Release|Any CPU.ActiveCfg = Release|Any CPU
		{B355BAC0-751D-44FC-B30B-E8863DE7C071}.Release|Any CPU.Build.0 = Release|Any CPU
	EndGlobalSection
	GlobalSection(SolutionProperties) = preSolution
		HideSolutionNode = FALSE
	EndGlobalSection
	GlobalSection(ExtensibilityGlobals) = postSolution
		SolutionGuid = {0EB3A3E9-60F9-4E35-8DAE-F1874C7A775D}
	EndGlobalSection
EndGlobal
