
Microsoft Visual Studio Solution File, Format Version 12.00
# Visual Studio Version 17
VisualStudioVersion = 17.9.34728.123
MinimumVisualStudioVersion = 10.0.40219.1
Project("{FAE04EC0-301F-11D3-BF4B-00C04F79EFBC}") = "PasswordAuthAppDemoo2", "PasswordAuthAppDemoo2.csproj", "{A52DA96D-ADF2-4E37-B48B-3B9ED56003A3}"
EndProject
Global
	GlobalSection(SolutionConfigurationPlatforms) = preSolution
		Debug|Any CPU = Debug|Any CPU
		Release|Any CPU = Release|Any CPU
	EndGlobalSection
	GlobalSection(ProjectConfigurationPlatforms) = postSolution
		{A52DA96D-ADF2-4E37-B48B-3B9ED56003A3}.Debug|Any CPU.ActiveCfg = Debug|Any CPU
		{A52DA96D-ADF2-4E37-B48B-3B9ED56003A3}.Debug|Any CPU.Build.0 = Debug|Any CPU
		{A52DA96D-ADF2-4E37-B48B-3B9ED56003A3}.Release|Any CPU.ActiveCfg = Release|Any CPU
		{A52DA96D-ADF2-4E37-B48B-3B9ED56003A3}.Release|Any CPU.Build.0 = Release|Any CPU
	EndGlobalSection
	GlobalSection(SolutionProperties) = preSolution
		HideSolutionNode = FALSE
	EndGlobalSection
	GlobalSection(ExtensibilityGlobals) = postSolution
		SolutionGuid = {7DC00A67-EBE7-492B-A439-2163C64CB46B}
	EndGlobalSection
EndGlobal
